{
  "name": "react-course",
  "lockfileVersion": 3,
  "requires": true,
  "packages": {
    "": {
      "dependencies": {
        "supersimpledev": "^8.6.4"
      }
    },
    "node_modules/supersimpledev": {
      "version": "8.6.4",
      "resolved": "https://registry.npmjs.org/supersimpledev/-/supersimpledev-8.6.4.tgz",
      "integrity": "sha512-zM011XhEpHtHl9O2S7Oc5nOVNOYkMehE+WjP1MsRO1f8BZbwe/OMG3qXVe3e0s8JUx62hMQQXxbATzRMucUkZQ==",
      "license": "MIT",
      "bin": {
        "supersimpledev": "bin/supersimpledev.js"
      }
    }
  }
}
